{
  "name": "football-proxy",
  "version": "1.0.0",
  "lockfileVersion": 2,
  "requires": true,
  "packages": {
    "": {
      "name": "football-proxy",
      "version": "1.0.0",
      "license": "MIT",
      "dependencies": {
        "cors": "^2.8.5",
        "express": "^4.18.2",
        "node-fetch": "^2.6.7"
      }
    },
    "node_modules/accepts": {
      "version": "1.3.8",
      "resolved": "https://registry.npmjs.org/accepts/-/accepts-1.3.8.tgz",
      "integrity": "sha512-cH5dSb/vjMVuZczICsRcNG9+4HX0TR1ka/AU8IbvY1yThRFl6Wchp+HFwCuVCHdQ1AdzGx6+4jIsN5l+y2j3QA==",
      "dependencies": {
        "mime-types": "~2.1.34",
        "negotiator": "0.6.3"
      }
    },
    ...
    // Ce fichier est long — je te conseille de simplement faire `npm install` pour le générer automatiquement.
  }
}
